{
  "originHash" : "b27e3ae7b028de5dc5c2d0aa228b8a55da336e36a60616f96444150b8f3f071a",
  "pins" : [
    {
      "identity" : "mlx-swift",
      "kind" : "remoteSourceControl",
      "location" : "https://github.com/ml-explore/mlx-swift",
      "state" : {
        "revision" : "072b684acaae80b6a463abab3a103732f33774bf",
        "version" : "0.29.1"
      }
    },
    {
      "identity" : "swift-cloudflared",
      "kind" : "remoteSourceControl",
      "location" : "https://github.com/wiedymi/swift-cloudflared.git",
      "state" : {
        "revision" : "1be78afe5dae7a20ce0837ce34085f03a77f7587",
        "version" : "0.1.2"
      }
    },
    {
      "identity" : "swift-mosh",
      "kind" : "remoteSourceControl",
      "location" : "https://github.com/wiedymi/swift-mosh",
      "state" : {
        "revision" : "985dcd2ee3504c61ae2eccfee4212d947fda6334",
        "version" : "0.1.1"
      }
    },
    {
      "identity" : "swift-numerics",
      "kind" : "remoteSourceControl",
      "location" : "https://github.com/apple/swift-numerics",
      "state" : {
        "revision" : "0c0290ff6b24942dadb83a929ffaaa1481df04a2",
        "version" : "1.1.1"
      }
    },
    {
      "identity" : "tweetnacl-swiftwrap",
      "kind" : "remoteSourceControl",
      "location" : "https://github.com/bitmark-inc/tweetnacl-swiftwrap.git",
      "state" : {
        "revision" : "f8fd111642bf2336b11ef9ea828510693106e954",
        "version" : "1.1.0"
      }
    },
    {
      "identity" : "zipfoundation",
      "kind" : "remoteSourceControl",
      "location" : "https://github.com/weichsel/ZIPFoundation.git",
      "state" : {
        "revision" : "edbeaa39b426e54702194b0a601342322f01e400",
        "version" : "0.9.9"
      }
    }
  ],
  "version" : 3
}
